{
  "name": "quantum",
  "lockfileVersion": 2,
  "requires": true,
  "packages": {
    "": {
      "dependencies": {
        "crunker": "^1.2.1"
      }
    },
    "node_modules/crunker": {
      "version": "1.2.1",
      "resolved": "https://registry.npmjs.org/crunker/-/crunker-1.2.1.tgz",
      "integrity": "sha512-IoCuw4X3xgM/oo3sgZu5tSFr/8cV3wPit3Qlnxxva7+15Ty7nb9BbcN+w1Tv3wg2g5hwDfgFvy59+MDfJaVKng=="
    }
  },
  "dependencies": {
    "crunker": {
      "version": "1.2.1",
      "resolved": "https://registry.npmjs.org/crunker/-/crunker-1.2.1.tgz",
      "integrity": "sha512-IoCuw4X3xgM/oo3sgZu5tSFr/8cV3wPit3Qlnxxva7+15Ty7nb9BbcN+w1Tv3wg2g5hwDfgFvy59+MDfJaVKng=="
    }
  }
}
